
Microsoft Visual Studio Solution File, Format Version 12.00
# Visual Studio Version 17
VisualStudioVersion = 17.11.35222.181
MinimumVisualStudioVersion = 10.0.40219.1
Project("{FAE04EC0-301F-11D3-BF4B-00C04F79EFBC}") = "Analyzer.Core", "Analyzer.Core\Analyzer.Core.csproj", "{EBC64156-00AF-4663-BC80-7E13B0D36E8B}"
EndProject
Global
	GlobalSection(SolutionConfigurationPlatforms) = preSolution
		Debug|Any CPU = Debug|Any CPU
		Release|Any CPU = Release|Any CPU
	EndGlobalSection
	GlobalSection(ProjectConfigurationPlatforms) = postSolution
		{EBC64156-00AF-4663-BC80-7E13B0D36E8B}.Debug|Any CPU.ActiveCfg = Debug|Any CPU
		{EBC64156-00AF-4663-BC80-7E13B0D36E8B}.Debug|Any CPU.Build.0 = Debug|Any CPU
		{EBC64156-00AF-4663-BC80-7E13B0D36E8B}.Release|Any CPU.ActiveCfg = Release|Any CPU
		{EBC64156-00AF-4663-BC80-7E13B0D36E8B}.Release|Any CPU.Build.0 = Release|Any CPU
	EndGlobalSection
	GlobalSection(SolutionProperties) = preSolution
		HideSolutionNode = FALSE
	EndGlobalSection
	GlobalSection(ExtensibilityGlobals) = postSolution
		SolutionGuid = {26E51BC2-537C-4557-A92B-A7EA18919ACA}
	EndGlobalSection
EndGlobal
